
Microsoft Visual Studio Solution File, Format Version 12.00
# Visual Studio Version 17
VisualStudioVersion = 17.11.35222.181
MinimumVisualStudioVersion = 10.0.40219.1
Project("{9A19103F-16F7-4668-BE54-9A1E7A4F7556}") = "CloneCW4", "CloneCW4\CloneCW4.csproj", "{041E9612-D306-4A5B-A7CF-0929495B990F}"
EndProject
Project("{FAE04EC0-301F-11D3-BF4B-00C04F79EFBC}") = "ConsoleApp2", "ConsoleApp2\ConsoleApp2.csproj", "{902E2380-8A31-4806-B07A-52648180B974}"
EndProject
Global
	GlobalSection(SolutionConfigurationPlatforms) = preSolution
		Debug|Any CPU = Debug|Any CPU
		Release|Any CPU = Release|Any CPU
	EndGlobalSection
	GlobalSection(ProjectConfigurationPlatforms) = postSolution
		{041E9612-D306-4A5B-A7CF-0929495B990F}.Debug|Any CPU.ActiveCfg = Debug|Any CPU
		{041E9612-D306-4A5B-A7CF-0929495B990F}.Debug|Any CPU.Build.0 = Debug|Any CPU
		{041E9612-D306-4A5B-A7CF-0929495B990F}.Release|Any CPU.ActiveCfg = Release|Any CPU
		{041E9612-D306-4A5B-A7CF-0929495B990F}.Release|Any CPU.Build.0 = Release|Any CPU
		{902E2380-8A31-4806-B07A-52648180B974}.Debug|Any CPU.ActiveCfg = Debug|Any CPU
		{902E2380-8A31-4806-B07A-52648180B974}.Debug|Any CPU.Build.0 = Debug|Any CPU
		{902E2380-8A31-4806-B07A-52648180B974}.Release|Any CPU.ActiveCfg = Release|Any CPU
		{902E2380-8A31-4806-B07A-52648180B974}.Release|Any CPU.Build.0 = Release|Any CPU
	EndGlobalSection
	GlobalSection(SolutionProperties) = preSolution
		HideSolutionNode = FALSE
	EndGlobalSection
	GlobalSection(ExtensibilityGlobals) = postSolution
		SolutionGuid = {83AC0137-3EBD-4338-9E2D-518892F6261A}
	EndGlobalSection
EndGlobal
